// !$*UTF8*$!
{
	archiveVersion = 1;
	classes = {
	};
	objectVersion = 46;
	objects = {

/* Begin PBXBuildFile section */
		3499B9791B295A2F00C9CB8C /* AppDelegate.swift in Sources */ = {isa = PBXBuildFile; fileRef = 3499B9781B295A2F00C9CB8C /* AppDelegate.swift */; };
		3499B97B1B295A2F00C9CB8C /* ViewController.swift in Sources */ = {isa = PBXBuildFile; fileRef = 3499B97A1B295A2F00C9CB8C /* ViewController.swift */; };
		3499B9801B295A2F00C9CB8C /* Images.xcassets in Resources */ = {isa = PBXBuildFile; fileRef = 3499B97F1B295A2F00C9CB8C /* Images.xcassets */; };
		3499B9831B295A2F00C9CB8C /* LaunchScreen.xib in Resources */ = {isa = PBXBuildFile; fileRef = 3499B9811B295A2F00C9CB8C /* LaunchScreen.xib */; };
		3499B98F1B295A2F00C9CB8C /* MyHappinessTests.swift in Sources */ = {isa = PBXBuildFile; fileRef = 3499B98E1B295A2F00C9CB8C /* MyHappinessTests.swift */; };
		3499B9991B295AFE00C9CB8C /* FaceView.swift in Sources */ = {isa = PBXBuildFile; fileRef = 3499B9981B295AFE00C9CB8C /* FaceView.swift */; };
		3499B99B1B295B0F00C9CB8C /* Main.storyboard in Resources */ = {isa = PBXBuildFile; fileRef = 3499B99A1B295B0F00C9CB8C /* Main.storyboard */; };
		3499B99D1B295B1500C9CB8C /* HappinessViewController.swift in Sources */ = {isa = PBXBuildFile; fileRef = 3499B99C1B295B1500C9CB8C /* HappinessViewController.swift */; };
/* End PBXBuildFile section */

/* Begin PBXContainerItemProxy section */
		3499B9891B295A2F00C9CB8C /* PBXContainerItemProxy */ = {
			isa = PBXContainerItemProxy;
			containerPortal = 3499B96B1B295A2F00C9CB8C /* Project object */;
			proxyType = 1;
			remoteGlobalIDString = 3499B9721B295A2F00C9CB8C;
			remoteInfo = MyHappiness;
		};
/* End PBXContainerItemProxy section */

/* Begin PBXFileReference section */
		3499B9731B295A2F00C9CB8C /* MyHappiness.app */ = {isa = PBXFileReference; explicitFileType = wrapper.application; includeInIndex = 0; path = MyHappiness.app; sourceTree = BUILT_PRODUCTS_DIR; };
		3499B9771B295A2F00C9CB8C /* Info.plist */ = {isa = PBXFileReference; lastKnownFileType = text.plist.xml; path = Info.plist; sourceTree = "<group>"; };
		3499B9781B295A2F00C9CB8C /* AppDelegate.swift */ = {isa = PBXFileReference; lastKnownFileType = sourcecode.swift; path = AppDelegate.swift; sourceTree = "<group>"; };
		3499B97A1B295A2F00C9CB8C /* ViewController.swift */ = {isa = PBXFileReference; lastKnownFileType = sourcecode.swift; path = ViewController.swift; sourceTree = "<group>"; };
		3499B97F1B295A2F00C9CB8C /* Images.xcassets */ = {isa = PBXFileReference; lastKnownFileType = folder.assetcatalog; path = Images.xcassets; sourceTree = "<group>"; };
		3499B9821B295A2F00C9CB8C /* Base */ = {isa = PBXFileReference; lastKnownFileType = file.xib; name = Base; path = Base.lproj/LaunchScreen.xib; sourceTree = "<group>"; };
		3499B9881B295A2F00C9CB8C /* MyHappinessTests.xctest */ = {isa = PBXFileReference; explicitFileType = wrapper.cfbundle; includeInIndex = 0; path = MyHappinessTests.xctest; sourceTree = BUILT_PRODUCTS_DIR; };
		3499B98D1B295A2F00C9CB8C /* Info.plist */ = {isa = PBXFileReference; lastKnownFileType = text.plist.xml; path = Info.plist; sourceTree = "<group>"; };
		3499B98E1B295A2F00C9CB8C /* MyHappinessTests.swift */ = {isa = PBXFileReference; lastKnownFileType = sourcecode.swift; path = MyHappinessTests.swift; sourceTree = "<group>"; };
		3499B9981B295AFE00C9CB8C /* FaceView.swift */ = {isa = PBXFileReference; fileEncoding = 4; lastKnownFileType = sourcecode.swift; path = FaceView.swift; sourceTree = "<group>"; };
		3499B99A1B295B0F00C9CB8C /* Main.storyboard */ = {isa = PBXFileReference; fileEncoding = 4; lastKnownFileType = file.storyboard; path = Main.storyboard; sourceTree = "<group>"; };
		3499B99C1B295B1500C9CB8C /* HappinessViewController.swift */ = {isa = PBXFileReference; fileEncoding = 4; lastKnownFileType = sourcecode.swift; path = HappinessViewController.swift; sourceTree = "<group>"; };
/* End PBXFileReference section */

/* Begin PBXFrameworksBuildPhase section */
		3499B9701B295A2F00C9CB8C /* Frameworks */ = {
			isa = PBXFrameworksBuildPhase;
			buildActionMask = 2147483647;
			files = (
			);
			runOnlyForDeploymentPostprocessing = 0;
		};
		3499B9851B295A2F00C9CB8C /* Frameworks */ = {
			isa = PBXFrameworksBuildPhase;
			buildActionMask = 2147483647;
			files = (
			);
			runOnlyForDeploymentPostprocessing = 0;
		};
/* End PBXFrameworksBuildPhase section */

/* Begin PBXGroup section */
		3499B96A1B295A2F00C9CB8C = {
			isa = PBXGroup;
			children = (
				3499B9751B295A2F00C9CB8C /* MyHappiness */,
				3499B98B1B295A2F00C9CB8C /* MyHappinessTests */,
				3499B9741B295A2F00C9CB8C /* Products */,
			);
			sourceTree = "<group>";
		};
		3499B9741B295A2F00C9CB8C /* Products */ = {
			isa = PBXGroup;
			children = (
				3499B9731B295A2F00C9CB8C /* MyHappiness.app */,
				3499B9881B295A2F00C9CB8C /* MyHappinessTests.xctest */,
			);
			name = Products;
			sourceTree = "<group>";
		};
		3499B9751B295A2F00C9CB8C /* MyHappiness */ = {
			isa = PBXGroup;
			children = (
				3499B99A1B295B0F00C9CB8C /* Main.storyboard */,
				3499B9981B295AFE00C9CB8C /* FaceView.swift */,
				3499B9781B295A2F00C9CB8C /* AppDelegate.swift */,
				3499B97F1B295A2F00C9CB8C /* Images.xcassets */,
				3499B99C1B295B1500C9CB8C /* HappinessViewController.swift */,
				3499B9811B295A2F00C9CB8C /* LaunchScreen.xib */,
				3499B9761B295A2F00C9CB8C /* Supporting Files */,
			);
			path = MyHappiness;
			sourceTree = "<group>";
		};
		3499B9761B295A2F00C9CB8C /* Supporting Files */ = {
			isa = PBXGroup;
			children = (
				3499B97A1B295A2F00C9CB8C /* ViewController.swift */,
				3499B9771B295A2F00C9CB8C /* Info.plist */,
			);
			name = "Supporting Files";
			sourceTree = "<group>";
		};
		3499B98B1B295A2F00C9CB8C /* MyHappinessTests */ = {
			isa = PBXGroup;
			children = (
				3499B98E1B295A2F00C9CB8C /* MyHappinessTests.swift */,
				3499B98C1B295A2F00C9CB8C /* Supporting Files */,
			);
			path = MyHappinessTests;
			sourceTree = "<group>";
		};
		3499B98C1B295A2F00C9CB8C /* Supporting Files */ = {
			isa = PBXGroup;
			children = (
				3499B98D1B295A2F00C9CB8C /* Info.plist */,
			);
			name = "Supporting Files";
			sourceTree = "<group>";
		};
/* End PBXGroup section */

/* Begin PBXNativeTarget section */
		3499B9721B295A2F00C9CB8C /* MyHappiness */ = {
			isa = PBXNativeTarget;
			buildConfigurationList = 3499B9921B295A2F00C9CB8C /* Build configuration list for PBXNativeTarget "MyHappiness" */;
			buildPhases = (
				3499B96F1B295A2F00C9CB8C /* Sources */,
				3499B9701B295A2F00C9CB8C /* Frameworks */,
				3499B9711B295A2F00C9CB8C /* Resources */,
			);
			buildRules = (
			);
			dependencies = (
			);
			name = MyHappiness;
			productName = MyHappiness;
			productReference = 3499B9731B295A2F00C9CB8C /* MyHappiness.app */;
			productType = "com.apple.product-type.application";
		};
		3499B9871B295A2F00C9CB8C /* MyHappinessTests */ = {
			isa = PBXNativeTarget;
			buildConfigurationList = 3499B9951B295A2F00C9CB8C /* Build configuration list for PBXNativeTarget "MyHappinessTests" */;
			buildPhases = (
				3499B9841B295A2F00C9CB8C /* Sources */,
				3499B9851B295A2F00C9CB8C /* Frameworks */,
				3499B9861B295A2F00C9CB8C /* Resources */,
			);
			buildRules = (
			);
			dependencies = (
				3499B98A1B295A2F00C9CB8C /* PBXTargetDependency */,
			);
			name = MyHappinessTests;
			productName = MyHappinessTests;
			productReference = 3499B9881B295A2F00C9CB8C /* MyHappinessTests.xctest */;
			productType = "com.apple.product-type.bundle.unit-test";
		};
/* End PBXNativeTarget section */

/* Begin PBXProject section */
		3499B96B1B295A2F00C9CB8C /* Project object */ = {
			isa = PBXProject;
			attributes = {
				LastUpgradeCheck = 0630;
				ORGANIZATIONNAME = "Pablo Perotti";
				TargetAttributes = {
					3499B9721B295A2F00C9CB8C = {
						CreatedOnToolsVersion = 6.3.2;
					};
					3499B9871B295A2F00C9CB8C = {
						CreatedOnToolsVersion = 6.3.2;
						TestTargetID = 3499B9721B295A2F00C9CB8C;
					};
				};
			};
			buildConfigurationList = 3499B96E1B295A2F00C9CB8C /* Build configuration list for PBXProject "MyHappiness" */;
			compatibilityVersion = "Xcode 3.2";
			developmentRegion = English;
			hasScannedForEncodings = 0;
			knownRegions = (
				en,
				Base,
			);
			mainGroup = 3499B96A1B295A2F00C9CB8C;
			productRefGroup = 3499B9741B295A2F00C9CB8C /* Products */;
			projectDirPath = "";
			projectRoot = "";
			targets = (
				3499B9721B295A2F00C9CB8C /* MyHappiness */,
				3499B9871B295A2F00C9CB8C /* MyHappinessTests */,
			);
		};
/* End PBXProject section */

/* Begin PBXResourcesBuildPhase section */
		3499B9711B295A2F00C9CB8C /* Resources */ = {
			isa = PBXResourcesBuildPhase;
			buildActionMask = 2147483647;
			files = (
				3499B99B1B295B0F00C9CB8C /* Main.storyboard in Resources */,
				3499B9831B295A2F00C9CB8C /* LaunchScreen.xib in Resources */,
				3499B9801B295A2F00C9CB8C /* Images.xcassets in Resources */,
			);
			runOnlyForDeploymentPostprocessing = 0;
		};
		3499B9861B295A2F00C9CB8C /* Resources */ = {
			isa = PBXResourcesBuildPhase;
			buildActionMask = 2147483647;
			files = (
			);
			runOnlyForDeploymentPostprocessing = 0;
		};
/* End PBXResourcesBuildPhase section */

/* Begin PBXSourcesBuildPhase section */
		3499B96F1B295A2F00C9CB8C /* Sources */ = {
			isa = PBXSourcesBuildPhase;
			buildActionMask = 2147483647;
			files = (
				3499B97B1B295A2F00C9CB8C /* ViewController.swift in Sources */,
				3499B9791B295A2F00C9CB8C /* AppDelegate.swift in Sources */,
				3499B99D1B295B1500C9CB8C /* HappinessViewController.swift in Sources */,
				3499B9991B295AFE00C9CB8C /* FaceView.swift in Sources */,
			);
			runOnlyForDeploymentPostprocessing = 0;
		};
		3499B9841B295A2F00C9CB8C /* Sources */ = {
			isa = PBXSourcesBuildPhase;
			buildActionMask = 2147483647;
			files = (
				3499B98F1B295A2F00C9CB8C /* MyHappinessTests.swift in Sources */,
			);
			runOnlyForDeploymentPostprocessing = 0;
		};
/* End PBXSourcesBuildPhase section */

/* Begin PBXTargetDependency section */
		3499B98A1B295A2F00C9CB8C /* PBXTargetDependency */ = {
			isa = PBXTargetDependency;
			target = 3499B9721B295A2F00C9CB8C /* MyHappiness */;
			targetProxy = 3499B9891B295A2F00C9CB8C /* PBXContainerItemProxy */;
		};
/* End PBXTargetDependency section */

/* Begin PBXVariantGroup section */
		3499B9811B295A2F00C9CB8C /* LaunchScreen.xib */ = {
			isa = PBXVariantGroup;
			children = (
				3499B9821B295A2F00C9CB8C /* Base */,
			);
			name = LaunchScreen.xib;
			sourceTree = "<group>";
		};
/* End PBXVariantGroup section */

/* Begin XCBuildConfiguration section */
		3499B9901B295A2F00C9CB8C /* Debug */ = {
			isa = XCBuildConfiguration;
			buildSettings = {
				ALWAYS_SEARCH_USER_PATHS = NO;
				CLANG_CXX_LANGUAGE_STANDARD = "gnu++0x";
				CLANG_CXX_LIBRARY = "libc++";
				CLANG_ENABLE_MODULES = YES;
				CLANG_ENABLE_OBJC_ARC = YES;
				CLANG_WARN_BOOL_CONVERSION = YES;
				CLANG_WARN_CONSTANT_CONVERSION = YES;
				CLANG_WARN_DIRECT_OBJC_ISA_USAGE = YES_ERROR;
				CLANG_WARN_EMPTY_BODY = YES;
				CLANG_WARN_ENUM_CONVERSION = YES;
				CLANG_WARN_INT_CONVERSION = YES;
				CLANG_WARN_OBJC_ROOT_CLASS = YES_ERROR;
				CLANG_WARN_UNREACHABLE_CODE = YES;
				CLANG_WARN__DUPLICATE_METHOD_MATCH = YES;
				"CODE_SIGN_IDENTITY[sdk=iphoneos*]" = "iPhone Developer";
				COPY_PHASE_STRIP = NO;
				DEBUG_INFORMATION_FORMAT = "dwarf-with-dsym";
				ENABLE_STRICT_OBJC_MSGSEND = YES;
				GCC_C_LANGUAGE_STANDARD = gnu99;
				GCC_DYNAMIC_NO_PIC = NO;
				GCC_NO_COMMON_BLOCKS = YES;
				GCC_OPTIMIZATION_LEVEL = 0;
				GCC_PREPROCESSOR_DEFINITIONS = (
					"DEBUG=1",
					"$(inherited)",
				);
				GCC_SYMBOLS_PRIVATE_EXTERN = NO;
				GCC_WARN_64_TO_32_BIT_CONVERSION = YES;
				GCC_WARN_ABOUT_RETURN_TYPE = YES_ERROR;
				GCC_WARN_UNDECLARED_SELECTOR = YES;
				GCC_WARN_UNINITIALIZED_AUTOS = YES_AGGRESSIVE;
				GCC_WARN_UNUSED_FUNCTION = YES;
				GCC_WARN_UNUSED_VARIABLE = YES;
				IPHONEOS_DEPLOYMENT_TARGET = 8.3;
				MTL_ENABLE_DEBUG_INFO = YES;
				ONLY_ACTIVE_ARCH = YES;
				SDKROOT = iphoneos;
				SWIFT_OPTIMIZATION_LEVEL = "-Onone";
				TARGETED_DEVICE_FAMILY = "1,2";
			};
			name = Debug;
		};
		3499B9911B295A2F00C9CB8C /* Release */ = {
			isa = XCBuildConfiguration;
			buildSettings = {
				ALWAYS_SEARCH_USER_PATHS = NO;
				CLANG_CXX_LANGUAGE_STANDARD = "gnu++0x";
				CLANG_CXX_LIBRARY = "libc++";
				CLANG_ENABLE_MODULES = YES;
				CLANG_ENABLE_OBJC_ARC = YES;
				CLANG_WARN_BOOL_CONVERSION = YES;
				CLANG_WARN_CONSTANT_CONVERSION = YES;
				CLANG_WARN_DIRECT_OBJC_ISA_USAGE = YES_ERROR;
				CLANG_WARN_EMPTY_BODY = YES;
				CLANG_WARN_ENUM_CONVERSION = YES;
				CLANG_WARN_INT_CONVERSION = YES;
				CLANG_WARN_OBJC_ROOT_CLASS = YES_ERROR;
				CLANG_WARN_UNREACHABLE_CODE = YES;
				CLANG_WARN__DUPLICATE_METHOD_MATCH = YES;
				"CODE_SIGN_IDENTITY[sdk=iphoneos*]" = "iPhone Developer";
				COPY_PHASE_STRIP = NO;
				DEBUG_INFORMATION_FORMAT = "dwarf-with-dsym";
				ENABLE_NS_ASSERTIONS = NO;
				ENABLE_STRICT_OBJC_MSGSEND = YES;
				GCC_C_LANGUAGE_STANDARD = gnu99;
				GCC_NO_COMMON_BLOCKS = YES;
				GCC_WARN_64_TO_32_BIT_CONVERSION = YES;
				GCC_WARN_ABOUT_RETURN_TYPE = YES_ERROR;
				GCC_WARN_UNDECLARED_SELECTOR = YES;
				GCC_WARN_UNINITIALIZED_AUTOS = YES_AGGRESSIVE;
				GCC_WARN_UNUSED_FUNCTION = YES;
				GCC_WARN_UNUSED_VARIABLE = YES;
				IPHONEOS_DEPLOYMENT_TARGET = 8.3;
				MTL_ENABLE_DEBUG_INFO = NO;
				SDKROOT = iphoneos;
				TARGETED_DEVICE_FAMILY = "1,2";
				VALIDATE_PRODUCT = YES;
			};
			name = Release;
		};
		3499B9931B295A2F00C9CB8C /* Debug */ = {
			isa = XCBuildConfiguration;
			buildSettings = {
				ASSETCATALOG_COMPILER_APPICON_NAME = AppIcon;
				INFOPLIST_FILE = MyHappiness/Info.plist;
				LD_RUNPATH_SEARCH_PATHS = "$(inherited) @executable_path/Frameworks";
				PRODUCT_NAME = "$(TARGET_NAME)";
			};
			name = Debug;
		};
		3499B9941B295A2F00C9CB8C /* Release */ = {
			isa = XCBuildConfiguration;
			buildSettings = {
				ASSETCATALOG_COMPILER_APPICON_NAME = AppIcon;
				INFOPLIST_FILE = MyHappiness/Info.plist;
				LD_RUNPATH_SEARCH_PATHS = "$(inherited) @executable_path/Frameworks";
				PRODUCT_NAME = "$(TARGET_NAME)";
			};
			name = Release;
		};
		3499B9961B295A2F00C9CB8C /* Debug */ = {
			isa = XCBuildConfiguration;
			buildSettings = {
				BUNDLE_LOADER = "$(TEST_HOST)";
				FRAMEWORK_SEARCH_PATHS = (
					"$(SDKROOT)/Developer/Library/Frameworks",
					"$(inherited)",
				);
				GCC_PREPROCESSOR_DEFINITIONS = (
					"DEBUG=1",
					"$(inherited)",
				);
				INFOPLIST_FILE = MyHappinessTests/Info.plist;
				LD_RUNPATH_SEARCH_PATHS = "$(inherited) @executable_path/Frameworks @loader_path/Frameworks";
				PRODUCT_NAME = "$(TARGET_NAME)";
				TEST_HOST = "$(BUILT_PRODUCTS_DIR)/MyHappiness.app/MyHappiness";
			};
			name = Debug;
		};
		3499B9971B295A2F00C9CB8C /* Release */ = {
			isa = XCBuildConfiguration;
			buildSettings = {
				BUNDLE_LOADER = "$(TEST_HOST)";
				FRAMEWORK_SEARCH_PATHS = (
					"$(SDKROOT)/Developer/Library/Frameworks",
					"$(inherited)",
				);
				INFOPLIST_FILE = MyHappinessTests/Info.plist;
				LD_RUNPATH_SEARCH_PATHS = "$(inherited) @executable_path/Frameworks @loader_path/Frameworks";
				PRODUCT_NAME = "$(TARGET_NAME)";
				TEST_HOST = "$(BUILT_PRODUCTS_DIR)/MyHappiness.app/MyHappiness";
			};
			name = Release;
		};
/* End XCBuildConfiguration section */

/* Begin XCConfigurationList section */
		3499B96E1B295A2F00C9CB8C /* Build configuration list for PBXProject "MyHappiness" */ = {
			isa = XCConfigurationList;
			buildConfigurations = (
				3499B9901B295A2F00C9CB8C /* Debug */,
				3499B9911B295A2F00C9CB8C /* Release */,
			);
			defaultConfigurationIsVisible = 0;
			defaultConfigurationName = Release;
		};
		3499B9921B295A2F00C9CB8C /* Build configuration list for PBXNativeTarget "MyHappiness" */ = {
			isa = XCConfigurationList;
			buildConfigurations = (
				3499B9931B295A2F00C9CB8C /* Debug */,
				3499B9941B295A2F00C9CB8C /* Release */,
			);
			defaultConfigurationIsVisible = 0;
		};
		3499B9951B295A2F00C9CB8C /* Build configuration list for PBXNativeTarget "MyHappinessTests" */ = {
			isa = XCConfigurationList;
			buildConfigurations = (
				3499B9961B295A2F00C9CB8C /* Debug */,
				3499B9971B295A2F00C9CB8C /* Release */,
			);
			defaultConfigurationIsVisible = 0;
		};
/* End XCConfigurationList section */
	};
	rootObject = 3499B96B1B295A2F00C9CB8C /* Project object */;
}
